// !$*UTF8*$!
{
	archiveVersion = 1;
	classes = {
	};
	objectVersion = 77;
	objects = {

/* Begin PBXBuildFile section */
		E32975A82EC690A5000E8D1B /* ObjectBox.xcframework in Frameworks */ = {isa = PBXBuildFile; productRef = E32975A72EC690A5000E8D1B /* ObjectBox.xcframework */; };
/* End PBXBuildFile section */

/* Begin PBXContainerItemProxy section */
		E37F761A2EC3191C003BDD59 /* PBXContainerItemProxy */ = {
			isa = PBXContainerItemProxy;
			containerPortal = E37258B12EBBC3B000C1A744 /* Project object */;
			proxyType = 1;
			remoteGlobalIDString = E37258B82EBBC3B000C1A744;
			remoteInfo = KaapehCopiloto2;
		};
		E37F76272EC3193E003BDD59 /* PBXContainerItemProxy */ = {
			isa = PBXContainerItemProxy;
			containerPortal = E37258B12EBBC3B000C1A744 /* Project object */;
			proxyType = 1;
			remoteGlobalIDString = E37258B82EBBC3B000C1A744;
			remoteInfo = KaapehCopiloto2;
		};
		E37F76342EC319BB003BDD59 /* PBXContainerItemProxy */ = {
			isa = PBXContainerItemProxy;
			containerPortal = E37258B12EBBC3B000C1A744 /* Project object */;
			proxyType = 1;
			remoteGlobalIDString = E37258B82EBBC3B000C1A744;
			remoteInfo = KaapehCopiloto2;
		};
/* End PBXContainerItemProxy section */

/* Begin PBXFileReference section */
		E37258B92EBBC3B000C1A744 /* KaapehCopiloto2.app */ = {isa = PBXFileReference; explicitFileType = wrapper.application; includeInIndex = 0; path = KaapehCopiloto2.app; sourceTree = BUILT_PRODUCTS_DIR; };
		E37F76162EC3191C003BDD59 /* KaapehCopiloto2Tests.xctest */ = {isa = PBXFileReference; explicitFileType = wrapper.cfbundle; includeInIndex = 0; path = KaapehCopiloto2Tests.xctest; sourceTree = BUILT_PRODUCTS_DIR; };
		E37F76232EC3193E003BDD59 /* test.xctest */ = {isa = PBXFileReference; explicitFileType = wrapper.cfbundle; includeInIndex = 0; path = test.xctest; sourceTree = BUILT_PRODUCTS_DIR; };
		E37F76302EC319BB003BDD59 /* testt.xctest */ = {isa = PBXFileReference; explicitFileType = wrapper.cfbundle; includeInIndex = 0; path = testt.xctest; sourceTree = BUILT_PRODUCTS_DIR; };
/* End PBXFileReference section */

/* Begin PBXFileSystemSynchronizedBuildFileExceptionSet section */
		E37F76392EC319C9003BDD59 /* Exceptions for "KaapehCopiloto2Tests" folder in "KaapehCopiloto2Tests" target */ = {
			isa = PBXFileSystemSynchronizedBuildFileExceptionSet;
			membershipExceptions = (
				SwiftDataServiceTests.swift,
			);
			target = E37F76152EC3191C003BDD59 /* KaapehCopiloto2Tests */;
		};
		E37F763A2EC319C9003BDD59 /* Exceptions for "KaapehCopiloto2Tests" folder in "testt" target */ = {
			isa = PBXFileSystemSynchronizedBuildFileExceptionSet;
			membershipExceptions = (
				SwiftDataServiceTests.swift,
			);
			target = E37F762F2EC319BB003BDD59 /* testt */;
		};
/* End PBXFileSystemSynchronizedBuildFileExceptionSet section */

/* Begin PBXFileSystemSynchronizedRootGroup section */
		E37258BB2EBBC3B000C1A744 /* KaapehCopiloto2 */ = {
			isa = PBXFileSystemSynchronizedRootGroup;
			path = KaapehCopiloto2;
			sourceTree = "<group>";
		};
		E37F76172EC3191C003BDD59 /* KaapehCopiloto2Tests */ = {
			isa = PBXFileSystemSynchronizedRootGroup;
			exceptions = (
				E37F76392EC319C9003BDD59 /* Exceptions for "KaapehCopiloto2Tests" folder in "KaapehCopiloto2Tests" target */,
				E37F763A2EC319C9003BDD59 /* Exceptions for "KaapehCopiloto2Tests" folder in "testt" target */,
			);
			path = KaapehCopiloto2Tests;
			sourceTree = "<group>";
		};
/* End PBXFileSystemSynchronizedRootGroup section */

/* Begin PBXFrameworksBuildPhase section */
		E37258B62EBBC3B000C1A744 /* Frameworks */ = {
			isa = PBXFrameworksBuildPhase;
			buildActionMask = 2147483647;
			files = (
				E32975A82EC690A5000E8D1B /* ObjectBox.xcframework in Frameworks */,
			);
			runOnlyForDeploymentPostprocessing = 0;
		};
		E37F76132EC3191C003BDD59 /* Frameworks */ = {
			isa = PBXFrameworksBuildPhase;
			buildActionMask = 2147483647;
			files = (
			);
			runOnlyForDeploymentPostprocessing = 0;
		};
		E37F76202EC3193E003BDD59 /* Frameworks */ = {
			isa = PBXFrameworksBuildPhase;
			buildActionMask = 2147483647;
			files = (
			);
			runOnlyForDeploymentPostprocessing = 0;
		};
		E37F762D2EC319BB003BDD59 /* Frameworks */ = {
			isa = PBXFrameworksBuildPhase;
			buildActionMask = 2147483647;
			files = (
			);
			runOnlyForDeploymentPostprocessing = 0;
		};
/* End PBXFrameworksBuildPhase section */

/* Begin PBXGroup section */
		E37258B02EBBC3B000C1A744 = {
			isa = PBXGroup;
			children = (
				E37258BB2EBBC3B000C1A744 /* KaapehCopiloto2 */,
				E37F76172EC3191C003BDD59 /* KaapehCopiloto2Tests */,
				E37258BA2EBBC3B000C1A744 /* Products */,
			);
			sourceTree = "<group>";
		};
		E37258BA2EBBC3B000C1A744 /* Products */ = {
			isa = PBXGroup;
			children = (
				E37258B92EBBC3B000C1A744 /* KaapehCopiloto2.app */,
				E37F76162EC3191C003BDD59 /* KaapehCopiloto2Tests.xctest */,
				E37F76232EC3193E003BDD59 /* test.xctest */,
				E37F76302EC319BB003BDD59 /* testt.xctest */,
			);
			name = Products;
			sourceTree = "<group>";
		};
/* End PBXGroup section */

/* Begin PBXNativeTarget section */
		E37258B82EBBC3B000C1A744 /* KaapehCopiloto2 */ = {
			isa = PBXNativeTarget;
			buildConfigurationList = E37258C42EBBC3B100C1A744 /* Build configuration list for PBXNativeTarget "KaapehCopiloto2" */;
			buildPhases = (
				E37258B52EBBC3B000C1A744 /* Sources */,
				E37258B62EBBC3B000C1A744 /* Frameworks */,
				E37258B72EBBC3B000C1A744 /* Resources */,
			);
			buildRules = (
			);
			dependencies = (
			);
			fileSystemSynchronizedGroups = (
				E37258BB2EBBC3B000C1A744 /* KaapehCopiloto2 */,
			);
			name = KaapehCopiloto2;
			packageProductDependencies = (
				E32975A72EC690A5000E8D1B /* ObjectBox.xcframework */,
			);
			productName = KaapehCopiloto2;
			productReference = E37258B92EBBC3B000C1A744 /* KaapehCopiloto2.app */;
			productType = "com.apple.product-type.application";
		};
		E37F76152EC3191C003BDD59 /* KaapehCopiloto2Tests */ = {
			isa = PBXNativeTarget;
			buildConfigurationList = E37F761C2EC3191C003BDD59 /* Build configuration list for PBXNativeTarget "KaapehCopiloto2Tests" */;
			buildPhases = (
				E37F76122EC3191C003BDD59 /* Sources */,
				E37F76132EC3191C003BDD59 /* Frameworks */,
				E37F76142EC3191C003BDD59 /* Resources */,
			);
			buildRules = (
			);
			dependencies = (
				E37F761B2EC3191C003BDD59 /* PBXTargetDependency */,
			);
			fileSystemSynchronizedGroups = (
				E37F76172EC3191C003BDD59 /* KaapehCopiloto2Tests */,
			);
			name = KaapehCopiloto2Tests;
			packageProductDependencies = (
			);
			productName = KaapehCopiloto2Tests;
			productReference = E37F76162EC3191C003BDD59 /* KaapehCopiloto2Tests.xctest */;
			productType = "com.apple.product-type.bundle.unit-test";
		};
		E37F76222EC3193E003BDD59 /* test */ = {
			isa = PBXNativeTarget;
			buildConfigurationList = E37F76292EC3193E003BDD59 /* Build configuration list for PBXNativeTarget "test" */;
			buildPhases = (
				E37F761F2EC3193E003BDD59 /* Sources */,
				E37F76202EC3193E003BDD59 /* Frameworks */,
				E37F76212EC3193E003BDD59 /* Resources */,
			);
			buildRules = (
			);
			dependencies = (
				E37F76282EC3193E003BDD59 /* PBXTargetDependency */,
			);
			name = test;
			packageProductDependencies = (
			);
			productName = test;
			productReference = E37F76232EC3193E003BDD59 /* test.xctest */;
			productType = "com.apple.product-type.bundle.unit-test";
		};
		E37F762F2EC319BB003BDD59 /* testt */ = {
			isa = PBXNativeTarget;
			buildConfigurationList = E37F76362EC319BB003BDD59 /* Build configuration list for PBXNativeTarget "testt" */;
			buildPhases = (
				E37F762C2EC319BB003BDD59 /* Sources */,
				E37F762D2EC319BB003BDD59 /* Frameworks */,
				E37F762E2EC319BB003BDD59 /* Resources */,
			);
			buildRules = (
			);
			dependencies = (
				E37F76352EC319BB003BDD59 /* PBXTargetDependency */,
			);
			name = testt;
			packageProductDependencies = (
			);
			productName = testt;
			productReference = E37F76302EC319BB003BDD59 /* testt.xctest */;
			productType = "com.apple.product-type.bundle.unit-test";
		};
/* End PBXNativeTarget section */

/* Begin PBXProject section */
		E37258B12EBBC3B000C1A744 /* Project object */ = {
			isa = PBXProject;
			attributes = {
				BuildIndependentTargetsInParallel = 1;
				LastSwiftUpdateCheck = 2610;
				LastUpgradeCheck = 2610;
				TargetAttributes = {
					E37258B82EBBC3B000C1A744 = {
						CreatedOnToolsVersion = 26.1;
					};
					E37F76152EC3191C003BDD59 = {
						CreatedOnToolsVersion = 26.1;
						TestTargetID = E37258B82EBBC3B000C1A744;
					};
					E37F76222EC3193E003BDD59 = {
						CreatedOnToolsVersion = 26.1;
						TestTargetID = E37258B82EBBC3B000C1A744;
					};
					E37F762F2EC319BB003BDD59 = {
						CreatedOnToolsVersion = 26.1;
						TestTargetID = E37258B82EBBC3B000C1A744;
					};
				};
			};
			buildConfigurationList = E37258B42EBBC3B000C1A744 /* Build configuration list for PBXProject "KaapehCopiloto2" */;
			developmentRegion = en;
			hasScannedForEncodings = 0;
			knownRegions = (
				en,
				Base,
			);
			mainGroup = E37258B02EBBC3B000C1A744;
			minimizedProjectReferenceProxies = 1;
			packageReferences = (
				E32975A42EC690A5000E8D1B /* XCRemoteSwiftPackageReference "objectbox-swift-spm" */,
			);
			preferredProjectObjectVersion = 77;
			productRefGroup = E37258BA2EBBC3B000C1A744 /* Products */;
			projectDirPath = "";
			projectRoot = "";
			targets = (
				E37258B82EBBC3B000C1A744 /* KaapehCopiloto2 */,
				E37F76152EC3191C003BDD59 /* KaapehCopiloto2Tests */,
				E37F76222EC3193E003BDD59 /* test */,
				E37F762F2EC319BB003BDD59 /* testt */,
			);
		};
/* End PBXProject section */

/* Begin PBXResourcesBuildPhase section */
		E37258B72EBBC3B000C1A744 /* Resources */ = {
			isa = PBXResourcesBuildPhase;
			buildActionMask = 2147483647;
			files = (
			);
			runOnlyForDeploymentPostprocessing = 0;
		};
		E37F76142EC3191C003BDD59 /* Resources */ = {
			isa = PBXResourcesBuildPhase;
			buildActionMask = 2147483647;
			files = (
			);
			runOnlyForDeploymentPostprocessing = 0;
		};
		E37F76212EC3193E003BDD59 /* Resources */ = {
			isa = PBXResourcesBuildPhase;
			buildActionMask = 2147483647;
			files = (
			);
			runOnlyForDeploymentPostprocessing = 0;
		};
		E37F762E2EC319BB003BDD59 /* Resources */ = {
			isa = PBXResourcesBuildPhase;
			buildActionMask = 2147483647;
			files = (
			);
			runOnlyForDeploymentPostprocessing = 0;
		};
/* End PBXResourcesBuildPhase section */

/* Begin PBXSourcesBuildPhase section */
		E37258B52EBBC3B000C1A744 /* Sources */ = {
			isa = PBXSourcesBuildPhase;
			buildActionMask = 2147483647;
			files = (
			);
			runOnlyForDeploymentPostprocessing = 0;
		};
		E37F76122EC3191C003BDD59 /* Sources */ = {
			isa = PBXSourcesBuildPhase;
			buildActionMask = 2147483647;
			files = (
			);
			runOnlyForDeploymentPostprocessing = 0;
		};
		E37F761F2EC3193E003BDD59 /* Sources */ = {
			isa = PBXSourcesBuildPhase;
			buildActionMask = 2147483647;
			files = (
			);
			runOnlyForDeploymentPostprocessing = 0;
		};
		E37F762C2EC319BB003BDD59 /* Sources */ = {
			isa = PBXSourcesBuildPhase;
			buildActionMask = 2147483647;
			files = (
			);
			runOnlyForDeploymentPostprocessing = 0;
		};
/* End PBXSourcesBuildPhase section */

/* Begin PBXTargetDependency section */
		E37F761B2EC3191C003BDD59 /* PBXTargetDependency */ = {
			isa = PBXTargetDependency;
			target = E37258B82EBBC3B000C1A744 /* KaapehCopiloto2 */;
			targetProxy = E37F761A2EC3191C003BDD59 /* PBXContainerItemProxy */;
		};
		E37F76282EC3193E003BDD59 /* PBXTargetDependency */ = {
			isa = PBXTargetDependency;
			target = E37258B82EBBC3B000C1A744 /* KaapehCopiloto2 */;
			targetProxy = E37F76272EC3193E003BDD59 /* PBXContainerItemProxy */;
		};
		E37F76352EC319BB003BDD59 /* PBXTargetDependency */ = {
			isa = PBXTargetDependency;
			target = E37258B82EBBC3B000C1A744 /* KaapehCopiloto2 */;
			targetProxy = E37F76342EC319BB003BDD59 /* PBXContainerItemProxy */;
		};
/* End PBXTargetDependency section */

/* Begin XCBuildConfiguration section */
		E37258C22EBBC3B100C1A744 /* Debug */ = {
			isa = XCBuildConfiguration;
			buildSettings = {
				ALWAYS_SEARCH_USER_PATHS = NO;
				ASSETCATALOG_COMPILER_GENERATE_SWIFT_ASSET_SYMBOL_EXTENSIONS = YES;
				CLANG_ANALYZER_NONNULL = YES;
				CLANG_ANALYZER_NUMBER_OBJECT_CONVERSION = YES_AGGRESSIVE;
				CLANG_CXX_LANGUAGE_STANDARD = "gnu++20";
				CLANG_ENABLE_MODULES = YES;
				CLANG_ENABLE_OBJC_ARC = YES;
				CLANG_ENABLE_OBJC_WEAK = YES;
				CLANG_WARN_BLOCK_CAPTURE_AUTORELEASING = YES;
				CLANG_WARN_BOOL_CONVERSION = YES;
				CLANG_WARN_COMMA = YES;
				CLANG_WARN_CONSTANT_CONVERSION = YES;
				CLANG_WARN_DEPRECATED_OBJC_IMPLEMENTATIONS = YES;
				CLANG_WARN_DIRECT_OBJC_ISA_USAGE = YES_ERROR;
				CLANG_WARN_DOCUMENTATION_COMMENTS = YES;
				CLANG_WARN_EMPTY_BODY = YES;
				CLANG_WARN_ENUM_CONVERSION = YES;
				CLANG_WARN_INFINITE_RECURSION = YES;
				CLANG_WARN_INT_CONVERSION = YES;
				CLANG_WARN_NON_LITERAL_NULL_CONVERSION = YES;
				CLANG_WARN_OBJC_IMPLICIT_RETAIN_SELF = YES;
				CLANG_WARN_OBJC_LITERAL_CONVERSION = YES;
				CLANG_WARN_OBJC_ROOT_CLASS = YES_ERROR;
				CLANG_WARN_QUOTED_INCLUDE_IN_FRAMEWORK_HEADER = YES;
				CLANG_WARN_RANGE_LOOP_ANALYSIS = YES;
				CLANG_WARN_STRICT_PROTOTYPES = YES;
				CLANG_WARN_SUSPICIOUS_MOVE = YES;
				CLANG_WARN_UNGUARDED_AVAILABILITY = YES_AGGRESSIVE;
				CLANG_WARN_UNREACHABLE_CODE = YES;
				CLANG_WARN__DUPLICATE_METHOD_MATCH = YES;
				COPY_PHASE_STRIP = NO;
				DEBUG_INFORMATION_FORMAT = dwarf;
				DEVELOPMENT_TEAM = 9V62RG8R8M;
				ENABLE_STRICT_OBJC_MSGSEND = YES;
				ENABLE_TESTABILITY = YES;
				ENABLE_USER_SCRIPT_SANDBOXING = YES;
				GCC_C_LANGUAGE_STANDARD = gnu17;
				GCC_DYNAMIC_NO_PIC = NO;
				GCC_NO_COMMON_BLOCKS = YES;
				GCC_OPTIMIZATION_LEVEL = 0;
				GCC_PREPROCESSOR_DEFINITIONS = (
					"DEBUG=1",
					"$(inherited)",
				);
				GCC_WARN_64_TO_32_BIT_CONVERSION = YES;
				GCC_WARN_ABOUT_RETURN_TYPE = YES_ERROR;
				GCC_WARN_UNDECLARED_SELECTOR = YES;
				GCC_WARN_UNINITIALIZED_AUTOS = YES_AGGRESSIVE;
				GCC_WARN_UNUSED_FUNCTION = YES;
				GCC_WARN_UNUSED_VARIABLE = YES;
				IPHONEOS_DEPLOYMENT_TARGET = 26.1;
				LOCALIZATION_PREFERS_STRING_CATALOGS = YES;
				MTL_ENABLE_DEBUG_INFO = INCLUDE_SOURCE;
				MTL_FAST_MATH = YES;
				ONLY_ACTIVE_ARCH = YES;
				SDKROOT = iphoneos;
				SWIFT_ACTIVE_COMPILATION_CONDITIONS = "DEBUG $(inherited)";
				SWIFT_OPTIMIZATION_LEVEL = "-Onone";
			};
			name = Debug;
		};
		E37258C32EBBC3B100C1A744 /* Release */ = {
			isa = XCBuildConfiguration;
			buildSettings = {
				ALWAYS_SEARCH_USER_PATHS = NO;
				ASSETCATALOG_COMPILER_GENERATE_SWIFT_ASSET_SYMBOL_EXTENSIONS = YES;
				CLANG_ANALYZER_NONNULL = YES;
				CLANG_ANALYZER_NUMBER_OBJECT_CONVERSION = YES_AGGRESSIVE;
				CLANG_CXX_LANGUAGE_STANDARD = "gnu++20";
				CLANG_ENABLE_MODULES = YES;
				CLANG_ENABLE_OBJC_ARC = YES;
				CLANG_ENABLE_OBJC_WEAK = YES;
				CLANG_WARN_BLOCK_CAPTURE_AUTORELEASING = YES;
				CLANG_WARN_BOOL_CONVERSION = YES;
				CLANG_WARN_COMMA = YES;
				CLANG_WARN_CONSTANT_CONVERSION = YES;
				CLANG_WARN_DEPRECATED_OBJC_IMPLEMENTATIONS = YES;
				CLANG_WARN_DIRECT_OBJC_ISA_USAGE = YES_ERROR;
				CLANG_WARN_DOCUMENTATION_COMMENTS = YES;
				CLANG_WARN_EMPTY_BODY = YES;
				CLANG_WARN_ENUM_CONVERSION = YES;
				CLANG_WARN_INFINITE_RECURSION = YES;
				CLANG_WARN_INT_CONVERSION = YES;
				CLANG_WARN_NON_LITERAL_NULL_CONVERSION = YES;
				CLANG_WARN_OBJC_IMPLICIT_RETAIN_SELF = YES;
				CLANG_WARN_OBJC_LITERAL_CONVERSION = YES;
				CLANG_WARN_OBJC_ROOT_CLASS = YES_ERROR;
				CLANG_WARN_QUOTED_INCLUDE_IN_FRAMEWORK_HEADER = YES;
				CLANG_WARN_RANGE_LOOP_ANALYSIS = YES;
				CLANG_WARN_STRICT_PROTOTYPES = YES;
				CLANG_WARN_SUSPICIOUS_MOVE = YES;
				CLANG_WARN_UNGUARDED_AVAILABILITY = YES_AGGRESSIVE;
				CLANG_WARN_UNREACHABLE_CODE = YES;
				CLANG_WARN__DUPLICATE_METHOD_MATCH = YES;
				COPY_PHASE_STRIP = NO;
				DEBUG_INFORMATION_FORMAT = "dwarf-with-dsym";
				DEVELOPMENT_TEAM = 9V62RG8R8M;
				ENABLE_NS_ASSERTIONS = NO;
				ENABLE_STRICT_OBJC_MSGSEND = YES;
				ENABLE_USER_SCRIPT_SANDBOXING = YES;
				GCC_C_LANGUAGE_STANDARD = gnu17;
				GCC_NO_COMMON_BLOCKS = YES;
				GCC_WARN_64_TO_32_BIT_CONVERSION = YES;
				GCC_WARN_ABOUT_RETURN_TYPE = YES_ERROR;
				GCC_WARN_UNDECLARED_SELECTOR = YES;
				GCC_WARN_UNINITIALIZED_AUTOS = YES_AGGRESSIVE;
				GCC_WARN_UNUSED_FUNCTION = YES;
				GCC_WARN_UNUSED_VARIABLE = YES;
				IPHONEOS_DEPLOYMENT_TARGET = 26.1;
				LOCALIZATION_PREFERS_STRING_CATALOGS = YES;
				MTL_ENABLE_DEBUG_INFO = NO;
				MTL_FAST_MATH = YES;
				SDKROOT = iphoneos;
				SWIFT_COMPILATION_MODE = wholemodule;
				VALIDATE_PRODUCT = YES;
			};
			name = Release;
		};
		E37258C52EBBC3B100C1A744 /* Debug */ = {
			isa = XCBuildConfiguration;
			buildSettings = {
				ASSETCATALOG_COMPILER_APPICON_NAME = AppIcon;
				ASSETCATALOG_COMPILER_GLOBAL_ACCENT_COLOR_NAME = AccentColor;
				CODE_SIGN_STYLE = Automatic;
				CURRENT_PROJECT_VERSION = 1;
				DEVELOPMENT_TEAM = 9V62RG8R8M;
				ENABLE_PREVIEWS = YES;
				GENERATE_INFOPLIST_FILE = YES;
				INFOPLIST_KEY_NSCameraUsageDescription = "Káapeh Copiloto necesita acceso a la cámara para tomar fotos de las hojas de café y realizar diagnósticos precisos.";
				INFOPLIST_KEY_NSMicrophoneUsageDescription = "Káapeh Copiloto necesita acceder al micrófono para escuchar tus preguntas sobre el cuidado del café. Tu voz se procesa completamente en tu dispositivo y nunca sale de él.";
				INFOPLIST_KEY_NSPhotoLibraryUsageDescription = "Káapeh Copiloto necesita acceso a tus fotos para analizar imágenes de las plantas de café guardadas en tu galería.";
				INFOPLIST_KEY_NSSpeechRecognitionUsageDescription = "Tu voz se transcribe completamente en tu dispositivo para responder a tus consultas sobre café y plantas. Tus datos de voz nunca salen de tu iPhone y no se envían a servidores externos.";
				INFOPLIST_KEY_UIApplicationSceneManifest_Generation = YES;
				INFOPLIST_KEY_UIApplicationSupportsIndirectInputEvents = YES;
				INFOPLIST_KEY_UILaunchScreen_Generation = YES;
				INFOPLIST_KEY_UISupportedInterfaceOrientations_iPad = "UIInterfaceOrientationPortrait UIInterfaceOrientationPortraitUpsideDown UIInterfaceOrientationLandscapeLeft UIInterfaceOrientationLandscapeRight";
				INFOPLIST_KEY_UISupportedInterfaceOrientations_iPhone = "UIInterfaceOrientationPortrait UIInterfaceOrientationLandscapeLeft UIInterfaceOrientationLandscapeRight";
				IPHONEOS_DEPLOYMENT_TARGET = 26.0;
				LD_RUNPATH_SEARCH_PATHS = (
					"$(inherited)",
					"@executable_path/Frameworks",
				);
				MARKETING_VERSION = 1.0;
				PRODUCT_BUNDLE_IDENTIFIER = "Cafe-Swift.KaapehCopiloto2";
				PRODUCT_NAME = "$(TARGET_NAME)";
				STRING_CATALOG_GENERATE_SYMBOLS = YES;
				SWIFT_APPROACHABLE_CONCURRENCY = YES;
				SWIFT_DEFAULT_ACTOR_ISOLATION = MainActor;
				SWIFT_EMIT_LOC_STRINGS = YES;
				SWIFT_UPCOMING_FEATURE_MEMBER_IMPORT_VISIBILITY = YES;
				SWIFT_VERSION = 5.0;
				TARGETED_DEVICE_FAMILY = "1,2";
			};
			name = Debug;
		};
		E37258C62EBBC3B100C1A744 /* Release */ = {
			isa = XCBuildConfiguration;
			buildSettings = {
				ASSETCATALOG_COMPILER_APPICON_NAME = AppIcon;
				ASSETCATALOG_COMPILER_GLOBAL_ACCENT_COLOR_NAME = AccentColor;
				CODE_SIGN_STYLE = Automatic;
				CURRENT_PROJECT_VERSION = 1;
				DEVELOPMENT_TEAM = 9V62RG8R8M;
				ENABLE_PREVIEWS = YES;
				GENERATE_INFOPLIST_FILE = YES;
				INFOPLIST_KEY_NSCameraUsageDescription = "Káapeh Copiloto necesita acceso a la cámara para tomar fotos de las hojas de café y realizar diagnósticos precisos.";
				INFOPLIST_KEY_NSMicrophoneUsageDescription = "Káapeh Copiloto necesita acceder al micrófono para escuchar tus preguntas sobre el cuidado del café. Tu voz se procesa completamente en tu dispositivo y nunca sale de él.";
				INFOPLIST_KEY_NSPhotoLibraryUsageDescription = "Káapeh Copiloto necesita acceso a tus fotos para analizar imágenes de las plantas de café guardadas en tu galería.";
				INFOPLIST_KEY_NSSpeechRecognitionUsageDescription = "Tu voz se transcribe completamente en tu dispositivo para responder a tus consultas sobre café y plantas. Tus datos de voz nunca salen de tu iPhone y no se envían a servidores externos.";
				INFOPLIST_KEY_UIApplicationSceneManifest_Generation = YES;
				INFOPLIST_KEY_UIApplicationSupportsIndirectInputEvents = YES;
				INFOPLIST_KEY_UILaunchScreen_Generation = YES;
				INFOPLIST_KEY_UISupportedInterfaceOrientations_iPad = "UIInterfaceOrientationPortrait UIInterfaceOrientationPortraitUpsideDown UIInterfaceOrientationLandscapeLeft UIInterfaceOrientationLandscapeRight";
				INFOPLIST_KEY_UISupportedInterfaceOrientations_iPhone = "UIInterfaceOrientationPortrait UIInterfaceOrientationLandscapeLeft UIInterfaceOrientationLandscapeRight";
				IPHONEOS_DEPLOYMENT_TARGET = 26.0;
				LD_RUNPATH_SEARCH_PATHS = (
					"$(inherited)",
					"@executable_path/Frameworks",
				);
				MARKETING_VERSION = 1.0;
				PRODUCT_BUNDLE_IDENTIFIER = "Cafe-Swift.KaapehCopiloto2";
				PRODUCT_NAME = "$(TARGET_NAME)";
				STRING_CATALOG_GENERATE_SYMBOLS = YES;
				SWIFT_APPROACHABLE_CONCURRENCY = YES;
				SWIFT_DEFAULT_ACTOR_ISOLATION = MainActor;
				SWIFT_EMIT_LOC_STRINGS = YES;
				SWIFT_UPCOMING_FEATURE_MEMBER_IMPORT_VISIBILITY = YES;
				SWIFT_VERSION = 5.0;
				TARGETED_DEVICE_FAMILY = "1,2";
			};
			name = Release;
		};
		E37F761D2EC3191C003BDD59 /* Debug */ = {
			isa = XCBuildConfiguration;
			buildSettings = {
				BUNDLE_LOADER = "$(TEST_HOST)";
				CODE_SIGN_STYLE = Automatic;
				CURRENT_PROJECT_VERSION = 1;
				DEVELOPMENT_TEAM = 9V62RG8R8M;
				GENERATE_INFOPLIST_FILE = YES;
				MARKETING_VERSION = 1.0;
				PRODUCT_BUNDLE_IDENTIFIER = A00839451.KaapehCopiloto2Tests;
				PRODUCT_NAME = "$(TARGET_NAME)";
				STRING_CATALOG_GENERATE_SYMBOLS = NO;
				SWIFT_APPROACHABLE_CONCURRENCY = YES;
				SWIFT_EMIT_LOC_STRINGS = NO;
				SWIFT_UPCOMING_FEATURE_MEMBER_IMPORT_VISIBILITY = YES;
				SWIFT_VERSION = 5.0;
				TARGETED_DEVICE_FAMILY = "1,2";
				TEST_HOST = "$(BUILT_PRODUCTS_DIR)/KaapehCopiloto2.app/$(BUNDLE_EXECUTABLE_FOLDER_PATH)/KaapehCopiloto2";
			};
			name = Debug;
		};
		E37F761E2EC3191C003BDD59 /* Release */ = {
			isa = XCBuildConfiguration;
			buildSettings = {
				BUNDLE_LOADER = "$(TEST_HOST)";
				CODE_SIGN_STYLE = Automatic;
				CURRENT_PROJECT_VERSION = 1;
				DEVELOPMENT_TEAM = 9V62RG8R8M;
				GENERATE_INFOPLIST_FILE = YES;
				MARKETING_VERSION = 1.0;
				PRODUCT_BUNDLE_IDENTIFIER = A00839451.KaapehCopiloto2Tests;
				PRODUCT_NAME = "$(TARGET_NAME)";
				STRING_CATALOG_GENERATE_SYMBOLS = NO;
				SWIFT_APPROACHABLE_CONCURRENCY = YES;
				SWIFT_EMIT_LOC_STRINGS = NO;
				SWIFT_UPCOMING_FEATURE_MEMBER_IMPORT_VISIBILITY = YES;
				SWIFT_VERSION = 5.0;
				TARGETED_DEVICE_FAMILY = "1,2";
				TEST_HOST = "$(BUILT_PRODUCTS_DIR)/KaapehCopiloto2.app/$(BUNDLE_EXECUTABLE_FOLDER_PATH)/KaapehCopiloto2";
			};
			name = Release;
		};
		E37F762A2EC3193E003BDD59 /* Debug */ = {
			isa = XCBuildConfiguration;
			buildSettings = {
				BUNDLE_LOADER = "$(TEST_HOST)";
				CODE_SIGN_STYLE = Automatic;
				CURRENT_PROJECT_VERSION = 1;
				DEVELOPMENT_TEAM = 9V62RG8R8M;
				GENERATE_INFOPLIST_FILE = YES;
				MARKETING_VERSION = 1.0;
				PRODUCT_BUNDLE_IDENTIFIER = A00839451.test;
				PRODUCT_NAME = "$(TARGET_NAME)";
				STRING_CATALOG_GENERATE_SYMBOLS = NO;
				SWIFT_APPROACHABLE_CONCURRENCY = YES;
				SWIFT_EMIT_LOC_STRINGS = NO;
				SWIFT_UPCOMING_FEATURE_MEMBER_IMPORT_VISIBILITY = YES;
				SWIFT_VERSION = 5.0;
				TARGETED_DEVICE_FAMILY = "1,2";
				TEST_HOST = "$(BUILT_PRODUCTS_DIR)/KaapehCopiloto2.app/$(BUNDLE_EXECUTABLE_FOLDER_PATH)/KaapehCopiloto2";
			};
			name = Debug;
		};
		E37F762B2EC3193E003BDD59 /* Release */ = {
			isa = XCBuildConfiguration;
			buildSettings = {
				BUNDLE_LOADER = "$(TEST_HOST)";
				CODE_SIGN_STYLE = Automatic;
				CURRENT_PROJECT_VERSION = 1;
				DEVELOPMENT_TEAM = 9V62RG8R8M;
				GENERATE_INFOPLIST_FILE = YES;
				MARKETING_VERSION = 1.0;
				PRODUCT_BUNDLE_IDENTIFIER = A00839451.test;
				PRODUCT_NAME = "$(TARGET_NAME)";
				STRING_CATALOG_GENERATE_SYMBOLS = NO;
				SWIFT_APPROACHABLE_CONCURRENCY = YES;
				SWIFT_EMIT_LOC_STRINGS = NO;
				SWIFT_UPCOMING_FEATURE_MEMBER_IMPORT_VISIBILITY = YES;
				SWIFT_VERSION = 5.0;
				TARGETED_DEVICE_FAMILY = "1,2";
				TEST_HOST = "$(BUILT_PRODUCTS_DIR)/KaapehCopiloto2.app/$(BUNDLE_EXECUTABLE_FOLDER_PATH)/KaapehCopiloto2";
			};
			name = Release;
		};
		E37F76372EC319BB003BDD59 /* Debug */ = {
			isa = XCBuildConfiguration;
			buildSettings = {
				BUNDLE_LOADER = "$(TEST_HOST)";
				CODE_SIGN_STYLE = Automatic;
				CURRENT_PROJECT_VERSION = 1;
				DEVELOPMENT_TEAM = 9V62RG8R8M;
				GENERATE_INFOPLIST_FILE = YES;
				MARKETING_VERSION = 1.0;
				PRODUCT_BUNDLE_IDENTIFIER = A00839451.testt;
				PRODUCT_NAME = "$(TARGET_NAME)";
				STRING_CATALOG_GENERATE_SYMBOLS = NO;
				SWIFT_APPROACHABLE_CONCURRENCY = YES;
				SWIFT_EMIT_LOC_STRINGS = NO;
				SWIFT_UPCOMING_FEATURE_MEMBER_IMPORT_VISIBILITY = YES;
				SWIFT_VERSION = 5.0;
				TARGETED_DEVICE_FAMILY = "1,2";
				TEST_HOST = "$(BUILT_PRODUCTS_DIR)/KaapehCopiloto2.app/$(BUNDLE_EXECUTABLE_FOLDER_PATH)/KaapehCopiloto2";
			};
			name = Debug;
		};
		E37F76382EC319BB003BDD59 /* Release */ = {
			isa = XCBuildConfiguration;
			buildSettings = {
				BUNDLE_LOADER = "$(TEST_HOST)";
				CODE_SIGN_STYLE = Automatic;
				CURRENT_PROJECT_VERSION = 1;
				DEVELOPMENT_TEAM = 9V62RG8R8M;
				GENERATE_INFOPLIST_FILE = YES;
				MARKETING_VERSION = 1.0;
				PRODUCT_BUNDLE_IDENTIFIER = A00839451.testt;
				PRODUCT_NAME = "$(TARGET_NAME)";
				STRING_CATALOG_GENERATE_SYMBOLS = NO;
				SWIFT_APPROACHABLE_CONCURRENCY = YES;
				SWIFT_EMIT_LOC_STRINGS = NO;
				SWIFT_UPCOMING_FEATURE_MEMBER_IMPORT_VISIBILITY = YES;
				SWIFT_VERSION = 5.0;
				TARGETED_DEVICE_FAMILY = "1,2";
				TEST_HOST = "$(BUILT_PRODUCTS_DIR)/KaapehCopiloto2.app/$(BUNDLE_EXECUTABLE_FOLDER_PATH)/KaapehCopiloto2";
			};
			name = Release;
		};
/* End XCBuildConfiguration section */

/* Begin XCConfigurationList section */
		E37258B42EBBC3B000C1A744 /* Build configuration list for PBXProject "KaapehCopiloto2" */ = {
			isa = XCConfigurationList;
			buildConfigurations = (
				E37258C22EBBC3B100C1A744 /* Debug */,
				E37258C32EBBC3B100C1A744 /* Release */,
			);
			defaultConfigurationIsVisible = 0;
			defaultConfigurationName = Release;
		};
		E37258C42EBBC3B100C1A744 /* Build configuration list for PBXNativeTarget "KaapehCopiloto2" */ = {
			isa = XCConfigurationList;
			buildConfigurations = (
				E37258C52EBBC3B100C1A744 /* Debug */,
				E37258C62EBBC3B100C1A744 /* Release */,
			);
			defaultConfigurationIsVisible = 0;
			defaultConfigurationName = Release;
		};
		E37F761C2EC3191C003BDD59 /* Build configuration list for PBXNativeTarget "KaapehCopiloto2Tests" */ = {
			isa = XCConfigurationList;
			buildConfigurations = (
				E37F761D2EC3191C003BDD59 /* Debug */,
				E37F761E2EC3191C003BDD59 /* Release */,
			);
			defaultConfigurationIsVisible = 0;
			defaultConfigurationName = Release;
		};
		E37F76292EC3193E003BDD59 /* Build configuration list for PBXNativeTarget "test" */ = {
			isa = XCConfigurationList;
			buildConfigurations = (
				E37F762A2EC3193E003BDD59 /* Debug */,
				E37F762B2EC3193E003BDD59 /* Release */,
			);
			defaultConfigurationIsVisible = 0;
			defaultConfigurationName = Release;
		};
		E37F76362EC319BB003BDD59 /* Build configuration list for PBXNativeTarget "testt" */ = {
			isa = XCConfigurationList;
			buildConfigurations = (
				E37F76372EC319BB003BDD59 /* Debug */,
				E37F76382EC319BB003BDD59 /* Release */,
			);
			defaultConfigurationIsVisible = 0;
			defaultConfigurationName = Release;
		};
/* End XCConfigurationList section */

/* Begin XCRemoteSwiftPackageReference section */
		E32975A42EC690A5000E8D1B /* XCRemoteSwiftPackageReference "objectbox-swift-spm" */ = {
			isa = XCRemoteSwiftPackageReference;
			repositoryURL = "https://github.com/objectbox/objectbox-swift-spm";
			requirement = {
				kind = upToNextMajorVersion;
				minimumVersion = 5.0.0;
			};
		};
/* End XCRemoteSwiftPackageReference section */

/* Begin XCSwiftPackageProductDependency section */
		E32975A72EC690A5000E8D1B /* ObjectBox.xcframework */ = {
			isa = XCSwiftPackageProductDependency;
			package = E32975A42EC690A5000E8D1B /* XCRemoteSwiftPackageReference "objectbox-swift-spm" */;
			productName = ObjectBox.xcframework;
		};
/* End XCSwiftPackageProductDependency section */
	};
	rootObject = E37258B12EBBC3B000C1A744 /* Project object */;
}
